// !$*UTF8*$!
{
	archiveVersion = 1;
	classes = {
	};
	objectVersion = 46;
	objects = {

/* Begin PBXBuildFile section */
		0212ACC21C8D4B730007E6A4 /* UserInfoView.xib in Resources */ = {isa = PBXBuildFile; fileRef = 0212ACC11C8D4B730007E6A4 /* UserInfoView.xib */; };
		0212ACC41C8D4B800007E6A4 /* UserInfoView.swift in Sources */ = {isa = PBXBuildFile; fileRef = 0212ACC31C8D4B800007E6A4 /* UserInfoView.swift */; };
		02280B211C898ACB002D22B1 /* LoginIntroView.swift in Sources */ = {isa = PBXBuildFile; fileRef = 02280B201C898ACB002D22B1 /* LoginIntroView.swift */; };
		02280B231C898B03002D22B1 /* LoginIntroView.xib in Resources */ = {isa = PBXBuildFile; fileRef = 02280B221C898B03002D22B1 /* LoginIntroView.xib */; };
		023719881C707F6100D6C236 /* shareCodeExtension.swift in Sources */ = {isa = PBXBuildFile; fileRef = 023719871C707F6100D6C236 /* shareCodeExtension.swift */; };
		0237198A1C708BE500D6C236 /* SF-UI-Display-Regular.otf in Resources */ = {isa = PBXBuildFile; fileRef = 023719891C708BE500D6C236 /* SF-UI-Display-Regular.otf */; };
		0237198D1C708D0D00D6C236 /* SF-UI-Display-Semibold.otf in Resources */ = {isa = PBXBuildFile; fileRef = 0237198C1C708D0D00D6C236 /* SF-UI-Display-Semibold.otf */; };
		0237198F1C7091FA00D6C236 /* NavigationVC.swift in Sources */ = {isa = PBXBuildFile; fileRef = 0237198E1C7091FA00D6C236 /* NavigationVC.swift */; };
		026173A01C711C7A00F31C69 /* UserInformationVC.swift in Sources */ = {isa = PBXBuildFile; fileRef = 0261739F1C711C7A00F31C69 /* UserInformationVC.swift */; };
		026173A21C71353D00F31C69 /* infoWindowMapView.swift in Sources */ = {isa = PBXBuildFile; fileRef = 026173A11C71353D00F31C69 /* infoWindowMapView.swift */; };
		026173A41C71355E00F31C69 /* infoWindowMapView.xib in Resources */ = {isa = PBXBuildFile; fileRef = 026173A31C71355E00F31C69 /* infoWindowMapView.xib */; };
		026173A81C713A3100F31C69 /* markerInfoWindow.png in Resources */ = {isa = PBXBuildFile; fileRef = 026173A71C713A3100F31C69 /* markerInfoWindow.png */; };
		027DB25F1C66A5B60083B647 /* libc++.tbd in Frameworks */ = {isa = PBXBuildFile; fileRef = 027DB25E1C66A5B60083B647 /* libc++.tbd */; };
		028111F51C6488DA007DE964 /* AddEventView.swift in Sources */ = {isa = PBXBuildFile; fileRef = 028111F41C6488DA007DE964 /* AddEventView.swift */; };
		028111F71C64891C007DE964 /* AddEventView.xib in Resources */ = {isa = PBXBuildFile; fileRef = 028111F61C64891C007DE964 /* AddEventView.xib */; };
		02A685AF1C6335FA00946810 /* AppDelegate.swift in Sources */ = {isa = PBXBuildFile; fileRef = 02A685AE1C6335FA00946810 /* AppDelegate.swift */; };
		02A685B11C6335FA00946810 /* ViewController.swift in Sources */ = {isa = PBXBuildFile; fileRef = 02A685B01C6335FA00946810 /* ViewController.swift */; };
		02A685B41C6335FA00946810 /* Main.storyboard in Resources */ = {isa = PBXBuildFile; fileRef = 02A685B21C6335FA00946810 /* Main.storyboard */; };
		02A685B71C6335FA00946810 /* Gymmate.xcdatamodeld in Sources */ = {isa = PBXBuildFile; fileRef = 02A685B51C6335FA00946810 /* Gymmate.xcdatamodeld */; };
		02A685B91C6335FA00946810 /* Assets.xcassets in Resources */ = {isa = PBXBuildFile; fileRef = 02A685B81C6335FA00946810 /* Assets.xcassets */; };
		02A685BC1C6335FA00946810 /* LaunchScreen.storyboard in Resources */ = {isa = PBXBuildFile; fileRef = 02A685BA1C6335FA00946810 /* LaunchScreen.storyboard */; };
		02A685C71C6335FA00946810 /* GymmateTests.swift in Sources */ = {isa = PBXBuildFile; fileRef = 02A685C61C6335FA00946810 /* GymmateTests.swift */; };
		02A685D21C6335FA00946810 /* GymmateUITests.swift in Sources */ = {isa = PBXBuildFile; fileRef = 02A685D11C6335FA00946810 /* GymmateUITests.swift */; };
		254C7BA330E57B5133E18F5E /* Pods.framework in Frameworks */ = {isa = PBXBuildFile; fileRef = 928347D61D3E10CFA066CE8D /* Pods.framework */; };
/* End PBXBuildFile section */

/* Begin PBXContainerItemProxy section */
		02A685C31C6335FA00946810 /* PBXContainerItemProxy */ = {
			isa = PBXContainerItemProxy;
			containerPortal = 02A685A31C6335FA00946810 /* Project object */;
			proxyType = 1;
			remoteGlobalIDString = 02A685AA1C6335FA00946810;
			remoteInfo = Gymmate;
		};
		02A685CE1C6335FA00946810 /* PBXContainerItemProxy */ = {
			isa = PBXContainerItemProxy;
			containerPortal = 02A685A31C6335FA00946810 /* Project object */;
			proxyType = 1;
			remoteGlobalIDString = 02A685AA1C6335FA00946810;
			remoteInfo = Gymmate;
		};
/* End PBXContainerItemProxy section */

/* Begin PBXFileReference section */
		0212ACC11C8D4B730007E6A4 /* UserInfoView.xib */ = {isa = PBXFileReference; fileEncoding = 4; lastKnownFileType = file.xib; path = UserInfoView.xib; sourceTree = "<group>"; };
		0212ACC31C8D4B800007E6A4 /* UserInfoView.swift */ = {isa = PBXFileReference; fileEncoding = 4; lastKnownFileType = sourcecode.swift; path = UserInfoView.swift; sourceTree = "<group>"; };
		02280B201C898ACB002D22B1 /* LoginIntroView.swift */ = {isa = PBXFileReference; fileEncoding = 4; lastKnownFileType = sourcecode.swift; path = LoginIntroView.swift; sourceTree = "<group>"; };
		02280B221C898B03002D22B1 /* LoginIntroView.xib */ = {isa = PBXFileReference; fileEncoding = 4; lastKnownFileType = file.xib; path = LoginIntroView.xib; sourceTree = "<group>"; };
		023719871C707F6100D6C236 /* shareCodeExtension.swift */ = {isa = PBXFileReference; fileEncoding = 4; lastKnownFileType = sourcecode.swift; path = shareCodeExtension.swift; sourceTree = "<group>"; };
		023719891C708BE500D6C236 /* SF-UI-Display-Regular.otf */ = {isa = PBXFileReference; lastKnownFileType = file; path = "SF-UI-Display-Regular.otf"; sourceTree = "<group>"; };
		0237198C1C708D0D00D6C236 /* SF-UI-Display-Semibold.otf */ = {isa = PBXFileReference; lastKnownFileType = file; path = "SF-UI-Display-Semibold.otf"; sourceTree = "<group>"; };
		0237198E1C7091FA00D6C236 /* NavigationVC.swift */ = {isa = PBXFileReference; fileEncoding = 4; lastKnownFileType = sourcecode.swift; path = NavigationVC.swift; sourceTree = "<group>"; };
		0261739F1C711C7A00F31C69 /* UserInformationVC.swift */ = {isa = PBXFileReference; fileEncoding = 4; lastKnownFileType = sourcecode.swift; path = UserInformationVC.swift; sourceTree = "<group>"; };
		026173A11C71353D00F31C69 /* infoWindowMapView.swift */ = {isa = PBXFileReference; fileEncoding = 4; lastKnownFileType = sourcecode.swift; path = infoWindowMapView.swift; sourceTree = "<group>"; };
		026173A31C71355E00F31C69 /* infoWindowMapView.xib */ = {isa = PBXFileReference; fileEncoding = 4; lastKnownFileType = file.xib; path = infoWindowMapView.xib; sourceTree = "<group>"; };
		026173A71C713A3100F31C69 /* markerInfoWindow.png */ = {isa = PBXFileReference; lastKnownFileType = image.png; name = markerInfoWindow.png; path = GymmateTests/markerInfoWindow.png; sourceTree = SOURCE_ROOT; };
		027DB25E1C66A5B60083B647 /* libc++.tbd */ = {isa = PBXFileReference; lastKnownFileType = "sourcecode.text-based-dylib-definition"; name = "libc++.tbd"; path = "usr/lib/libc++.tbd"; sourceTree = SDKROOT; };
		028111F41C6488DA007DE964 /* AddEventView.swift */ = {isa = PBXFileReference; fileEncoding = 4; lastKnownFileType = sourcecode.swift; path = AddEventView.swift; sourceTree = "<group>"; };
		028111F61C64891C007DE964 /* AddEventView.xib */ = {isa = PBXFileReference; fileEncoding = 4; lastKnownFileType = file.xib; path = AddEventView.xib; sourceTree = "<group>"; };
		02A685AB1C6335FA00946810 /* Gymmate.app */ = {isa = PBXFileReference; explicitFileType = wrapper.application; includeInIndex = 0; path = Gymmate.app; sourceTree = BUILT_PRODUCTS_DIR; };
		02A685AE1C6335FA00946810 /* AppDelegate.swift */ = {isa = PBXFileReference; lastKnownFileType = sourcecode.swift; path = AppDelegate.swift; sourceTree = "<group>"; };
		02A685B01C6335FA00946810 /* ViewController.swift */ = {isa = PBXFileReference; lastKnownFileType = sourcecode.swift; path = ViewController.swift; sourceTree = "<group>"; };
		02A685B31C6335FA00946810 /* Base */ = {isa = PBXFileReference; lastKnownFileType = file.storyboard; name = Base; path = Base.lproj/Main.storyboard; sourceTree = "<group>"; };
		02A685B61C6335FA00946810 /* Gymmate.xcdatamodel */ = {isa = PBXFileReference; lastKnownFileType = wrapper.xcdatamodel; path = Gymmate.xcdatamodel; sourceTree = "<group>"; };
		02A685B81C6335FA00946810 /* Assets.xcassets */ = {isa = PBXFileReference; lastKnownFileType = folder.assetcatalog; path = Assets.xcassets; sourceTree = "<group>"; };
		02A685BB1C6335FA00946810 /* Base */ = {isa = PBXFileReference; lastKnownFileType = file.storyboard; name = Base; path = Base.lproj/LaunchScreen.storyboard; sourceTree = "<group>"; };
		02A685BD1C6335FA00946810 /* Info.plist */ = {isa = PBXFileReference; lastKnownFileType = text.plist.xml; path = Info.plist; sourceTree = "<group>"; };
		02A685C21C6335FA00946810 /* GymmateTests.xctest */ = {isa = PBXFileReference; explicitFileType = wrapper.cfbundle; includeInIndex = 0; path = GymmateTests.xctest; sourceTree = BUILT_PRODUCTS_DIR; };
		02A685C61C6335FA00946810 /* GymmateTests.swift */ = {isa = PBXFileReference; lastKnownFileType = sourcecode.swift; path = GymmateTests.swift; sourceTree = "<group>"; };
		02A685C81C6335FA00946810 /* Info.plist */ = {isa = PBXFileReference; lastKnownFileType = text.plist.xml; path = Info.plist; sourceTree = "<group>"; };
		02A685CD1C6335FA00946810 /* GymmateUITests.xctest */ = {isa = PBXFileReference; explicitFileType = wrapper.cfbundle; includeInIndex = 0; path = GymmateUITests.xctest; sourceTree = BUILT_PRODUCTS_DIR; };
		02A685D11C6335FA00946810 /* GymmateUITests.swift */ = {isa = PBXFileReference; lastKnownFileType = sourcecode.swift; path = GymmateUITests.swift; sourceTree = "<group>"; };
		02A685D31C6335FA00946810 /* Info.plist */ = {isa = PBXFileReference; lastKnownFileType = text.plist.xml; path = Info.plist; sourceTree = "<group>"; };
		8B32963FF658EA6C4D1FE582 /* Pods.debug.xcconfig */ = {isa = PBXFileReference; includeInIndex = 1; lastKnownFileType = text.xcconfig; name = Pods.debug.xcconfig; path = "Pods/Target Support Files/Pods/Pods.debug.xcconfig"; sourceTree = "<group>"; };
		928347D61D3E10CFA066CE8D /* Pods.framework */ = {isa = PBXFileReference; explicitFileType = wrapper.framework; includeInIndex = 0; path = Pods.framework; sourceTree = BUILT_PRODUCTS_DIR; };
		C607754E6CA382E8CE1C23DE /* Pods.release.xcconfig */ = {isa = PBXFileReference; includeInIndex = 1; lastKnownFileType = text.xcconfig; name = Pods.release.xcconfig; path = "Pods/Target Support Files/Pods/Pods.release.xcconfig"; sourceTree = "<group>"; };
/* End PBXFileReference section */

/* Begin PBXFrameworksBuildPhase section */
		02A685A81C6335FA00946810 /* Frameworks */ = {
			isa = PBXFrameworksBuildPhase;
			buildActionMask = 2147483647;
			files = (
				027DB25F1C66A5B60083B647 /* libc++.tbd in Frameworks */,
				254C7BA330E57B5133E18F5E /* Pods.framework in Frameworks */,
			);
			runOnlyForDeploymentPostprocessing = 0;
		};
		02A685BF1C6335FA00946810 /* Frameworks */ = {
			isa = PBXFrameworksBuildPhase;
			buildActionMask = 2147483647;
			files = (
			);
			runOnlyForDeploymentPostprocessing = 0;
		};
		02A685CA1C6335FA00946810 /* Frameworks */ = {
			isa = PBXFrameworksBuildPhase;
			buildActionMask = 2147483647;
			files = (
			);
			runOnlyForDeploymentPostprocessing = 0;
		};
/* End PBXFrameworksBuildPhase section */

/* Begin PBXGroup section */
		0212ACC51C8D4CEF0007E6A4 /* MapInfoWindow */ = {
			isa = PBXGroup;
			children = (
				026173A11C71353D00F31C69 /* infoWindowMapView.swift */,
				026173A31C71355E00F31C69 /* infoWindowMapView.xib */,
			);
			name = MapInfoWindow;
			sourceTree = "<group>";
		};
		02A685A21C6335FA00946810 = {
			isa = PBXGroup;
			children = (
				02A685AD1C6335FA00946810 /* Gymmate */,
				02A685C51C6335FA00946810 /* GymmateTests */,
				02A685D01C6335FA00946810 /* GymmateUITests */,
				02A685AC1C6335FA00946810 /* Products */,
				23D598787BD27396032C9584 /* Pods */,
				4C5F7CC7128188FD367A0C11 /* Frameworks */,
			);
			sourceTree = "<group>";
		};
		02A685AC1C6335FA00946810 /* Products */ = {
			isa = PBXGroup;
			children = (
				02A685AB1C6335FA00946810 /* Gymmate.app */,
				02A685C21C6335FA00946810 /* GymmateTests.xctest */,
				02A685CD1C6335FA00946810 /* GymmateUITests.xctest */,
			);
			name = Products;
			sourceTree = "<group>";
		};
		02A685AD1C6335FA00946810 /* Gymmate */ = {
			isa = PBXGroup;
			children = (
				02A685AE1C6335FA00946810 /* AppDelegate.swift */,
				02A685B21C6335FA00946810 /* Main.storyboard */,
				02A685B01C6335FA00946810 /* ViewController.swift */,
				02280B201C898ACB002D22B1 /* LoginIntroView.swift */,
				02280B221C898B03002D22B1 /* LoginIntroView.xib */,
				0237198E1C7091FA00D6C236 /* NavigationVC.swift */,
				0261739F1C711C7A00F31C69 /* UserInformationVC.swift */,
				0212ACC11C8D4B730007E6A4 /* UserInfoView.xib */,
				0212ACC31C8D4B800007E6A4 /* UserInfoView.swift */,
				028111F41C6488DA007DE964 /* AddEventView.swift */,
				028111F61C64891C007DE964 /* AddEventView.xib */,
				023719871C707F6100D6C236 /* shareCodeExtension.swift */,
				0212ACC51C8D4CEF0007E6A4 /* MapInfoWindow */,
				02A685B81C6335FA00946810 /* Assets.xcassets */,
				02A685BA1C6335FA00946810 /* LaunchScreen.storyboard */,
				02A685BD1C6335FA00946810 /* Info.plist */,
				02A685B51C6335FA00946810 /* Gymmate.xcdatamodeld */,
				026173A71C713A3100F31C69 /* markerInfoWindow.png */,
			);
			path = Gymmate;
			sourceTree = "<group>";
		};
		02A685C51C6335FA00946810 /* GymmateTests */ = {
			isa = PBXGroup;
			children = (
				0237198C1C708D0D00D6C236 /* SF-UI-Display-Semibold.otf */,
				023719891C708BE500D6C236 /* SF-UI-Display-Regular.otf */,
				02A685C61C6335FA00946810 /* GymmateTests.swift */,
				02A685C81C6335FA00946810 /* Info.plist */,
			);
			path = GymmateTests;
			sourceTree = "<group>";
		};
		02A685D01C6335FA00946810 /* GymmateUITests */ = {
			isa = PBXGroup;
			children = (
				02A685D11C6335FA00946810 /* GymmateUITests.swift */,
				02A685D31C6335FA00946810 /* Info.plist */,
			);
			path = GymmateUITests;
			sourceTree = "<group>";
		};
		23D598787BD27396032C9584 /* Pods */ = {
			isa = PBXGroup;
			children = (
				8B32963FF658EA6C4D1FE582 /* Pods.debug.xcconfig */,
				C607754E6CA382E8CE1C23DE /* Pods.release.xcconfig */,
			);
			name = Pods;
			sourceTree = "<group>";
		};
		4C5F7CC7128188FD367A0C11 /* Frameworks */ = {
			isa = PBXGroup;
			children = (
				027DB25E1C66A5B60083B647 /* libc++.tbd */,
				928347D61D3E10CFA066CE8D /* Pods.framework */,
			);
			name = Frameworks;
			sourceTree = "<group>";
		};
/* End PBXGroup section */

/* Begin PBXNativeTarget section */
		02A685AA1C6335FA00946810 /* Gymmate */ = {
			isa = PBXNativeTarget;
			buildConfigurationList = 02A685D61C6335FA00946810 /* Build configuration list for PBXNativeTarget "Gymmate" */;
			buildPhases = (
				608B609A55C2287C14CE16CD /* Check Pods Manifest.lock */,
				02A685A71C6335FA00946810 /* Sources */,
				02A685A81C6335FA00946810 /* Frameworks */,
				02A685A91C6335FA00946810 /* Resources */,
				F151A24FFA2F587E6386BB17 /* Embed Pods Frameworks */,
				9C51C2073FCCDA2DC5FBB5BF /* Copy Pods Resources */,
			);
			buildRules = (
			);
			dependencies = (
			);
			name = Gymmate;
			productName = Gymmate;
			productReference = 02A685AB1C6335FA00946810 /* Gymmate.app */;
			productType = "com.apple.product-type.application";
		};
		02A685C11C6335FA00946810 /* GymmateTests */ = {
			isa = PBXNativeTarget;
			buildConfigurationList = 02A685D91C6335FA00946810 /* Build configuration list for PBXNativeTarget "GymmateTests" */;
			buildPhases = (
				02A685BE1C6335FA00946810 /* Sources */,
				02A685BF1C6335FA00946810 /* Frameworks */,
				02A685C01C6335FA00946810 /* Resources */,
			);
			buildRules = (
			);
			dependencies = (
				02A685C41C6335FA00946810 /* PBXTargetDependency */,
			);
			name = GymmateTests;
			productName = GymmateTests;
			productReference = 02A685C21C6335FA00946810 /* GymmateTests.xctest */;
			productType = "com.apple.product-type.bundle.unit-test";
		};
		02A685CC1C6335FA00946810 /* GymmateUITests */ = {
			isa = PBXNativeTarget;
			buildConfigurationList = 02A685DC1C6335FA00946810 /* Build configuration list for PBXNativeTarget "GymmateUITests" */;
			buildPhases = (
				02A685C91C6335FA00946810 /* Sources */,
				02A685CA1C6335FA00946810 /* Frameworks */,
				02A685CB1C6335FA00946810 /* Resources */,
			);
			buildRules = (
			);
			dependencies = (
				02A685CF1C6335FA00946810 /* PBXTargetDependency */,
			);
			name = GymmateUITests;
			productName = GymmateUITests;
			productReference = 02A685CD1C6335FA00946810 /* GymmateUITests.xctest */;
			productType = "com.apple.product-type.bundle.ui-testing";
		};
/* End PBXNativeTarget section */

/* Begin PBXProject section */
		02A685A31C6335FA00946810 /* Project object */ = {
			isa = PBXProject;
			attributes = {
				LastSwiftUpdateCheck = 0720;
				LastUpgradeCheck = 0720;
				ORGANIZATIONNAME = TrungDo;
				TargetAttributes = {
					02A685AA1C6335FA00946810 = {
						CreatedOnToolsVersion = 7.2.1;
					};
					02A685C11C6335FA00946810 = {
						CreatedOnToolsVersion = 7.2.1;
						TestTargetID = 02A685AA1C6335FA00946810;
					};
					02A685CC1C6335FA00946810 = {
						CreatedOnToolsVersion = 7.2.1;
						TestTargetID = 02A685AA1C6335FA00946810;
					};
				};
			};
			buildConfigurationList = 02A685A61C6335FA00946810 /* Build configuration list for PBXProject "Gymmate" */;
			compatibilityVersion = "Xcode 3.2";
			developmentRegion = English;
			hasScannedForEncodings = 0;
			knownRegions = (
				en,
				Base,
			);
			mainGroup = 02A685A21C6335FA00946810;
			productRefGroup = 02A685AC1C6335FA00946810 /* Products */;
			projectDirPath = "";
			projectRoot = "";
			targets = (
				02A685AA1C6335FA00946810 /* Gymmate */,
				02A685C11C6335FA00946810 /* GymmateTests */,
				02A685CC1C6335FA00946810 /* GymmateUITests */,
			);
		};
/* End PBXProject section */

/* Begin PBXResourcesBuildPhase section */
		02A685A91C6335FA00946810 /* Resources */ = {
			isa = PBXResourcesBuildPhase;
			buildActionMask = 2147483647;
			files = (
				02A685BC1C6335FA00946810 /* LaunchScreen.storyboard in Resources */,
				0212ACC21C8D4B730007E6A4 /* UserInfoView.xib in Resources */,
				02A685B91C6335FA00946810 /* Assets.xcassets in Resources */,
				026173A41C71355E00F31C69 /* infoWindowMapView.xib in Resources */,
				02280B231C898B03002D22B1 /* LoginIntroView.xib in Resources */,
				0237198D1C708D0D00D6C236 /* SF-UI-Display-Semibold.otf in Resources */,
				0237198A1C708BE500D6C236 /* SF-UI-Display-Regular.otf in Resources */,
				026173A81C713A3100F31C69 /* markerInfoWindow.png in Resources */,
				02A685B41C6335FA00946810 /* Main.storyboard in Resources */,
				028111F71C64891C007DE964 /* AddEventView.xib in Resources */,
			);
			runOnlyForDeploymentPostprocessing = 0;
		};
		02A685C01C6335FA00946810 /* Resources */ = {
			isa = PBXResourcesBuildPhase;
			buildActionMask = 2147483647;
			files = (
			);
			runOnlyForDeploymentPostprocessing = 0;
		};
		02A685CB1C6335FA00946810 /* Resources */ = {
			isa = PBXResourcesBuildPhase;
			buildActionMask = 2147483647;
			files = (
			);
			runOnlyForDeploymentPostprocessing = 0;
		};
/* End PBXResourcesBuildPhase section */

/* Begin PBXShellScriptBuildPhase section */
		608B609A55C2287C14CE16CD /* Check Pods Manifest.lock */ = {
			isa = PBXShellScriptBuildPhase;
			buildActionMask = 2147483647;
			files = (
			);
			inputPaths = (
			);
			name = "Check Pods Manifest.lock";
			outputPaths = (
			);
			runOnlyForDeploymentPostprocessing = 0;
			shellPath = /bin/sh;
			shellScript = "diff \"${PODS_ROOT}/../Podfile.lock\" \"${PODS_ROOT}/Manifest.lock\" > /dev/null\nif [[ $? != 0 ]] ; then\n    cat << EOM\nerror: The sandbox is not in sync with the Podfile.lock. Run 'pod install' or update your CocoaPods installation.\nEOM\n    exit 1\nfi\n";
			showEnvVarsInLog = 0;
		};
		9C51C2073FCCDA2DC5FBB5BF /* Copy Pods Resources */ = {
			isa = PBXShellScriptBuildPhase;
			buildActionMask = 2147483647;
			files = (
			);
			inputPaths = (
			);
			name = "Copy Pods Resources";
			outputPaths = (
			);
			runOnlyForDeploymentPostprocessing = 0;
			shellPath = /bin/sh;
			shellScript = "\"${SRCROOT}/Pods/Target Support Files/Pods/Pods-resources.sh\"\n";
			showEnvVarsInLog = 0;
		};
		F151A24FFA2F587E6386BB17 /* Embed Pods Frameworks */ = {
			isa = PBXShellScriptBuildPhase;
			buildActionMask = 2147483647;
			files = (
			);
			inputPaths = (
			);
			name = "Embed Pods Frameworks";
			outputPaths = (
			);
			runOnlyForDeploymentPostprocessing = 0;
			shellPath = /bin/sh;
			shellScript = "\"${SRCROOT}/Pods/Target Support Files/Pods/Pods-frameworks.sh\"\n";
			showEnvVarsInLog = 0;
		};
/* End PBXShellScriptBuildPhase section */

/* Begin PBXSourcesBuildPhase section */
		02A685A71C6335FA00946810 /* Sources */ = {
			isa = PBXSourcesBuildPhase;
			buildActionMask = 2147483647;
			files = (
				026173A01C711C7A00F31C69 /* UserInformationVC.swift in Sources */,
				0237198F1C7091FA00D6C236 /* NavigationVC.swift in Sources */,
				028111F51C6488DA007DE964 /* AddEventView.swift in Sources */,
				02A685B71C6335FA00946810 /* Gymmate.xcdatamodeld in Sources */,
				02280B211C898ACB002D22B1 /* LoginIntroView.swift in Sources */,
				02A685B11C6335FA00946810 /* ViewController.swift in Sources */,
				023719881C707F6100D6C236 /* shareCodeExtension.swift in Sources */,
				02A685AF1C6335FA00946810 /* AppDelegate.swift in Sources */,
				026173A21C71353D00F31C69 /* infoWindowMapView.swift in Sources */,
				0212ACC41C8D4B800007E6A4 /* UserInfoView.swift in Sources */,
			);
			runOnlyForDeploymentPostprocessing = 0;
		};
		02A685BE1C6335FA00946810 /* Sources */ = {
			isa = PBXSourcesBuildPhase;
			buildActionMask = 2147483647;
			files = (
				02A685C71C6335FA00946810 /* GymmateTests.swift in Sources */,
			);
			runOnlyForDeploymentPostprocessing = 0;
		};
		02A685C91C6335FA00946810 /* Sources */ = {
			isa = PBXSourcesBuildPhase;
			buildActionMask = 2147483647;
			files = (
				02A685D21C6335FA00946810 /* GymmateUITests.swift in Sources */,
			);
			runOnlyForDeploymentPostprocessing = 0;
		};
/* End PBXSourcesBuildPhase section */

/* Begin PBXTargetDependency section */
		02A685C41C6335FA00946810 /* PBXTargetDependency */ = {
			isa = PBXTargetDependency;
			target = 02A685AA1C6335FA00946810 /* Gymmate */;
			targetProxy = 02A685C31C6335FA00946810 /* PBXContainerItemProxy */;
		};
		02A685CF1C6335FA00946810 /* PBXTargetDependency */ = {
			isa = PBXTargetDependency;
			target = 02A685AA1C6335FA00946810 /* Gymmate */;
			targetProxy = 02A685CE1C6335FA00946810 /* PBXContainerItemProxy */;
		};
/* End PBXTargetDependency section */

/* Begin PBXVariantGroup section */
		02A685B21C6335FA00946810 /* Main.storyboard */ = {
			isa = PBXVariantGroup;
			children = (
				02A685B31C6335FA00946810 /* Base */,
			);
			name = Main.storyboard;
			sourceTree = "<group>";
		};
		02A685BA1C6335FA00946810 /* LaunchScreen.storyboard */ = {
			isa = PBXVariantGroup;
			children = (
				02A685BB1C6335FA00946810 /* Base */,
			);
			name = LaunchScreen.storyboard;
			sourceTree = "<group>";
		};
/* End PBXVariantGroup section */

/* Begin XCBuildConfiguration section */
		02A685D41C6335FA00946810 /* Debug */ = {
			isa = XCBuildConfiguration;
			buildSettings = {
				ALWAYS_SEARCH_USER_PATHS = NO;
				CLANG_CXX_LANGUAGE_STANDARD = "gnu++0x";
				CLANG_CXX_LIBRARY = "libc++";
				CLANG_ENABLE_MODULES = YES;
				CLANG_ENABLE_OBJC_ARC = YES;
				CLANG_WARN_BOOL_CONVERSION = YES;
				CLANG_WARN_CONSTANT_CONVERSION = YES;
				CLANG_WARN_DIRECT_OBJC_ISA_USAGE = YES_ERROR;
				CLANG_WARN_EMPTY_BODY = YES;
				CLANG_WARN_ENUM_CONVERSION = YES;
				CLANG_WARN_INT_CONVERSION = YES;
				CLANG_WARN_OBJC_ROOT_CLASS = YES_ERROR;
				CLANG_WARN_UNREACHABLE_CODE = YES;
				CLANG_WARN__DUPLICATE_METHOD_MATCH = YES;
				"CODE_SIGN_IDENTITY[sdk=iphoneos*]" = "iPhone Developer";
				COPY_PHASE_STRIP = NO;
				DEBUG_INFORMATION_FORMAT = dwarf;
				ENABLE_STRICT_OBJC_MSGSEND = YES;
				ENABLE_TESTABILITY = YES;
				GCC_C_LANGUAGE_STANDARD = gnu99;
				GCC_DYNAMIC_NO_PIC = NO;
				GCC_NO_COMMON_BLOCKS = YES;
				GCC_OPTIMIZATION_LEVEL = 0;
				GCC_PREPROCESSOR_DEFINITIONS = (
					"DEBUG=1",
					"$(inherited)",
				);
				GCC_WARN_64_TO_32_BIT_CONVERSION = YES;
				GCC_WARN_ABOUT_RETURN_TYPE = YES_ERROR;
				GCC_WARN_UNDECLARED_SELECTOR = YES;
				GCC_WARN_UNINITIALIZED_AUTOS = YES_AGGRESSIVE;
				GCC_WARN_UNUSED_FUNCTION = YES;
				GCC_WARN_UNUSED_VARIABLE = YES;
				IPHONEOS_DEPLOYMENT_TARGET = 9.2;
				MTL_ENABLE_DEBUG_INFO = YES;
				ONLY_ACTIVE_ARCH = YES;
				SDKROOT = iphoneos;
				SWIFT_OPTIMIZATION_LEVEL = "-Onone";
				TARGETED_DEVICE_FAMILY = "1,2";
			};
			name = Debug;
		};
		02A685D51C6335FA00946810 /* Release */ = {
			isa = XCBuildConfiguration;
			buildSettings = {
				ALWAYS_SEARCH_USER_PATHS = NO;
				CLANG_CXX_LANGUAGE_STANDARD = "gnu++0x";
				CLANG_CXX_LIBRARY = "libc++";
				CLANG_ENABLE_MODULES = YES;
				CLANG_ENABLE_OBJC_ARC = YES;
				CLANG_WARN_BOOL_CONVERSION = YES;
				CLANG_WARN_CONSTANT_CONVERSION = YES;
				CLANG_WARN_DIRECT_OBJC_ISA_USAGE = YES_ERROR;
				CLANG_WARN_EMPTY_BODY = YES;
				CLANG_WARN_ENUM_CONVERSION = YES;
				CLANG_WARN_INT_CONVERSION = YES;
				CLANG_WARN_OBJC_ROOT_CLASS = YES_ERROR;
				CLANG_WARN_UNREACHABLE_CODE = YES;
				CLANG_WARN__DUPLICATE_METHOD_MATCH = YES;
				"CODE_SIGN_IDENTITY[sdk=iphoneos*]" = "iPhone Developer";
				COPY_PHASE_STRIP = NO;
				DEBUG_INFORMATION_FORMAT = "dwarf-with-dsym";
				ENABLE_NS_ASSERTIONS = NO;
				ENABLE_STRICT_OBJC_MSGSEND = YES;
				GCC_C_LANGUAGE_STANDARD = gnu99;
				GCC_NO_COMMON_BLOCKS = YES;
				GCC_WARN_64_TO_32_BIT_CONVERSION = YES;
				GCC_WARN_ABOUT_RETURN_TYPE = YES_ERROR;
				GCC_WARN_UNDECLARED_SELECTOR = YES;
				GCC_WARN_UNINITIALIZED_AUTOS = YES_AGGRESSIVE;
				GCC_WARN_UNUSED_FUNCTION = YES;
				GCC_WARN_UNUSED_VARIABLE = YES;
				IPHONEOS_DEPLOYMENT_TARGET = 9.2;
				MTL_ENABLE_DEBUG_INFO = NO;
				SDKROOT = iphoneos;
				TARGETED_DEVICE_FAMILY = "1,2";
				VALIDATE_PRODUCT = YES;
			};
			name = Release;
		};
		02A685D71C6335FA00946810 /* Debug */ = {
			isa = XCBuildConfiguration;
			baseConfigurationReference = 8B32963FF658EA6C4D1FE582 /* Pods.debug.xcconfig */;
			buildSettings = {
				ASSETCATALOG_COMPILER_APPICON_NAME = AppIcon;
				FRAMEWORK_SEARCH_PATHS = (
					"$(inherited)",
					"\"${PODS_ROOT}/GoogleMaps/Frameworks\"",
					"\"${PODS_ROOT}/Firebase\"",
					"\"${PODS_ROOT}/GeoFire\"",
					"-Obj",
					"\"{PODS_ROOT}/Bolts\"",
					"\"{PODS_ROOT}/FBSDKLoginKit\"",
					"\"{PODS_ROOT}/FBSDKShareKit\"",
					"\"{PODS_ROOT}/FBSDKCoreKit\"",
				);
				INFOPLIST_FILE = Gymmate/Info.plist;
				LD_RUNPATH_SEARCH_PATHS = "$(inherited) @executable_path/Frameworks";
				PRODUCT_BUNDLE_IDENTIFIER = com.TrungDo.Gymmate;
				PRODUCT_NAME = "$(TARGET_NAME)";
			};
			name = Debug;
		};
		02A685D81C6335FA00946810 /* Release */ = {
			isa = XCBuildConfiguration;
			baseConfigurationReference = C607754E6CA382E8CE1C23DE /* Pods.release.xcconfig */;
			buildSettings = {
				ASSETCATALOG_COMPILER_APPICON_NAME = AppIcon;
				FRAMEWORK_SEARCH_PATHS = (
					"$(inherited)",
					"\"${PODS_ROOT}/GoogleMaps/Frameworks\"",
					"\"${PODS_ROOT}/Firebase\"",
					"\"${PODS_ROOT}/GeoFire\"",
					"-Obj",
					"\"{PODS_ROOT}/Bolts\"",
					"\"{PODS_ROOT}/FBSDKLoginKit\"",
					"\"{PODS_ROOT}/FBSDKShareKit\"",
					"\"{PODS_ROOT}/FBSDKCoreKit\"",
				);
				INFOPLIST_FILE = Gymmate/Info.plist;
				LD_RUNPATH_SEARCH_PATHS = "$(inherited) @executable_path/Frameworks";
				PRODUCT_BUNDLE_IDENTIFIER = com.TrungDo.Gymmate;
				PRODUCT_NAME = "$(TARGET_NAME)";
			};
			name = Release;
		};
		02A685DA1C6335FA00946810 /* Debug */ = {
			isa = XCBuildConfiguration;
			buildSettings = {
				BUNDLE_LOADER = "$(TEST_HOST)";
				INFOPLIST_FILE = GymmateTests/Info.plist;
				LD_RUNPATH_SEARCH_PATHS = "$(inherited) @executable_path/Frameworks @loader_path/Frameworks";
				PRODUCT_BUNDLE_IDENTIFIER = com.TrungDo.GymmateTests;
				PRODUCT_NAME = "$(TARGET_NAME)";
				TEST_HOST = "$(BUILT_PRODUCTS_DIR)/Gymmate.app/Gymmate";
			};
			name = Debug;
		};
		02A685DB1C6335FA00946810 /* Release */ = {
			isa = XCBuildConfiguration;
			buildSettings = {
				BUNDLE_LOADER = "$(TEST_HOST)";
				INFOPLIST_FILE = GymmateTests/Info.plist;
				LD_RUNPATH_SEARCH_PATHS = "$(inherited) @executable_path/Frameworks @loader_path/Frameworks";
				PRODUCT_BUNDLE_IDENTIFIER = com.TrungDo.GymmateTests;
				PRODUCT_NAME = "$(TARGET_NAME)";
				TEST_HOST = "$(BUILT_PRODUCTS_DIR)/Gymmate.app/Gymmate";
			};
			name = Release;
		};
		02A685DD1C6335FA00946810 /* Debug */ = {
			isa = XCBuildConfiguration;
			buildSettings = {
				INFOPLIST_FILE = GymmateUITests/Info.plist;
				LD_RUNPATH_SEARCH_PATHS = "$(inherited) @executable_path/Frameworks @loader_path/Frameworks";
				PRODUCT_BUNDLE_IDENTIFIER = com.TrungDo.GymmateUITests;
				PRODUCT_NAME = "$(TARGET_NAME)";
				TEST_TARGET_NAME = Gymmate;
				USES_XCTRUNNER = YES;
			};
			name = Debug;
		};
		02A685DE1C6335FA00946810 /* Release */ = {
			isa = XCBuildConfiguration;
			buildSettings = {
				INFOPLIST_FILE = GymmateUITests/Info.plist;
				LD_RUNPATH_SEARCH_PATHS = "$(inherited) @executable_path/Frameworks @loader_path/Frameworks";
				PRODUCT_BUNDLE_IDENTIFIER = com.TrungDo.GymmateUITests;
				PRODUCT_NAME = "$(TARGET_NAME)";
				TEST_TARGET_NAME = Gymmate;
				USES_XCTRUNNER = YES;
			};
			name = Release;
		};
/* End XCBuildConfiguration section */

/* Begin XCConfigurationList section */
		02A685A61C6335FA00946810 /* Build configuration list for PBXProject "Gymmate" */ = {
			isa = XCConfigurationList;
			buildConfigurations = (
				02A685D41C6335FA00946810 /* Debug */,
				02A685D51C6335FA00946810 /* Release */,
			);
			defaultConfigurationIsVisible = 0;
			defaultConfigurationName = Release;
		};
		02A685D61C6335FA00946810 /* Build configuration list for PBXNativeTarget "Gymmate" */ = {
			isa = XCConfigurationList;
			buildConfigurations = (
				02A685D71C6335FA00946810 /* Debug */,
				02A685D81C6335FA00946810 /* Release */,
			);
			defaultConfigurationIsVisible = 0;
			defaultConfigurationName = Release;
		};
		02A685D91C6335FA00946810 /* Build configuration list for PBXNativeTarget "GymmateTests" */ = {
			isa = XCConfigurationList;
			buildConfigurations = (
				02A685DA1C6335FA00946810 /* Debug */,
				02A685DB1C6335FA00946810 /* Release */,
			);
			defaultConfigurationIsVisible = 0;
			defaultConfigurationName = Release;
		};
		02A685DC1C6335FA00946810 /* Build configuration list for PBXNativeTarget "GymmateUITests" */ = {
			isa = XCConfigurationList;
			buildConfigurations = (
				02A685DD1C6335FA00946810 /* Debug */,
				02A685DE1C6335FA00946810 /* Release */,
			);
			defaultConfigurationIsVisible = 0;
			defaultConfigurationName = Release;
		};
/* End XCConfigurationList section */

/* Begin XCVersionGroup section */
		02A685B51C6335FA00946810 /* Gymmate.xcdatamodeld */ = {
			isa = XCVersionGroup;
			children = (
				02A685B61C6335FA00946810 /* Gymmate.xcdatamodel */,
			);
			currentVersion = 02A685B61C6335FA00946810 /* Gymmate.xcdatamodel */;
			path = Gymmate.xcdatamodeld;
			sourceTree = "<group>";
			versionGroupType = wrapper.xcdatamodel;
		};
/* End XCVersionGroup section */
	};
	rootObject = 02A685A31C6335FA00946810 /* Project object */;
}
